{
  "name": "wechatsoftware",
  "version": "1.0.0",
  "lockfileVersion": 3,
  "requires": true,
  "packages": {
    "": {
      "name": "wechatsoftware",
      "version": "1.0.0",
      "license": "ISC",
      "dependencies": {
        "three": "^0.148.0",
        "three-platformize": "^1.133.3"
      }
    },
    "node_modules/@types/three": {
      "version": "0.133.1",
      "resolved": "https://registry.npmjs.org/@types/three/-/three-0.133.1.tgz",
      "integrity": "sha512-XqBrP/+kbs+o0CYRhCVVE95v7FaL2bO5Z7+3VQJE0nEyjo+9LoLfeNgZITOnndKHxM+7ltEciAIR7uE0SZlsOg==",
      "license": "MIT"
    },
    "node_modules/three": {
      "version": "0.148.0",
      "resolved": "https://registry.npmjs.org/three/-/three-0.148.0.tgz",
      "integrity": "sha512-8uzVV+qhTPi0bOFs/3te3RW6hb3urL8jYEl6irjCWo/l6sr8MPNMcClFev/MMYeIxr0gmDcoXTy/8LXh/LXkfw==",
      "license": "MIT"
    },
    "node_modules/three-platformize": {
      "version": "1.133.3",
      "resolved": "https://registry.npmjs.org/three-platformize/-/three-platformize-1.133.3.tgz",
      "integrity": "sha512-fb7lxtMU/ZSX+JZBrpZVJhK0yYc+ozcLAqEhqXXngrZWrSYUHyOeMpS9vfkmFVr+Jx2nzvvGxrf0OcGzY8Y4vA==",
      "license": "MIT",
      "dependencies": {
        "@types/three": "^0.133.0"
      }
    }
  }
}
